{
  "name": "deno2node",
  "version": "5.9.0-beta",
  "lockfileVersion": 3,
  "requires": true,
  "packages": {
    "": {
      "name": "deno2node",
      "version": "5.9.0-beta",
      "license": "MIT",
      "dependencies": {
        "ts-morph": "^27.0.0"
      },
      "bin": {
        "deno2node": "lib/cli.js"
      },
      "devDependencies": {
        "@types/node": "^24.3.3",
        "deno": "~2.5.0",
        "fast-check": "^3.10.0"
      },
      "engines": {
        "node": ">=14.13.1"
      }
    },
    "node_modules/@deno/darwin-arm64": {
      "version": "2.5.0",
      "resolved": "https://registry.npmjs.org/@deno/darwin-arm64/-/darwin-arm64-2.5.0.tgz",
      "integrity": "sha512-1x8VmjfO7nPhVdKuRO0vVCSyxbzbhoiYpwTsM6c1dI1LLjLq/yLszHyStH0SE0gd+9XMVgrXLdrRPWrePW7WmQ==",
      "cpu": [
        "arm64"
      ],
      "dev": true,
      "license": "MIT",
      "optional": true,
      "os": [
        "darwin"
      ]
    },
    "node_modules/@deno/darwin-x64": {
      "version": "2.5.0",
      "resolved": "https://registry.npmjs.org/@deno/darwin-x64/-/darwin-x64-2.5.0.tgz",
      "integrity": "sha512-yiWqH+L4G7DLX/LSr/x2kImn1DaDh/G14TLdLuLBzcdwZ9XuM/lNjgSe7xc35WlhyXAkf0J/K2yi7kNqHJoItw==",
      "cpu": [
        "x64"
      ],
      "dev": true,
      "license": "MIT",
      "optional": true,
      "os": [
        "darwin"
      ]
    },
    "node_modules/@deno/linux-arm64-glibc": {
      "version": "2.5.0",
      "resolved": "https://registry.npmjs.org/@deno/linux-arm64-glibc/-/linux-arm64-glibc-2.5.0.tgz",
      "integrity": "sha512-bkx6ITvYh9xS/GVbzzriotM3MA+3RIzDxohvmPosYfDzIckcROzTvvXkl73pLwvAnDfdbw7DF1qpUmU480vv4w==",
      "cpu": [
        "arm64"
      ],
      "dev": true,
      "license": "MIT",
      "optional": true,
      "os": [
        "linux"
      ]
    },
    "node_modules/@deno/linux-x64-glibc": {
      "version": "2.5.0",
      "resolved": "https://registry.npmjs.org/@deno/linux-x64-glibc/-/linux-x64-glibc-2.5.0.tgz",
      "integrity": "sha512-0u3VXBU6yGAsCRATxi9uC9VW91/9MlhoqrURbbxJy0gPihrYoEWoUqi0b07BI4AIfy2EPUYvf82IcgTxemb0jw==",
      "cpu": [
        "x64"
      ],
      "dev": true,
      "license": "MIT",
      "optional": true,
      "os": [
        "linux"
      ]
    },
    "node_modules/@deno/win32-arm64": {
      "version": "2.5.0",
      "resolved": "https://registry.npmjs.org/@deno/win32-arm64/-/win32-arm64-2.5.0.tgz",
      "integrity": "sha512-5mehFHYvMV/Kz9331FUnKwmocJBxvp/9dfwVK9Zn8MY1koLuvn8F6c0Tg0Vg+uZ9kwDSv9mhEvrkKLv2ZF2CPw==",
      "cpu": [
        "arm64"
      ],
      "dev": true,
      "license": "MIT",
      "optional": true,
      "os": [
        "win32"
      ]
    },
    "node_modules/@deno/win32-x64": {
      "version": "2.5.0",
      "resolved": "https://registry.npmjs.org/@deno/win32-x64/-/win32-x64-2.5.0.tgz",
      "integrity": "sha512-5k0eYnFn55NV2/i6LwSi/BM1pUkDdmMlAyxKSb3PhiPd+EpS1cxAFEwn92MRmQq7mG2uoUixR1n4A3MrfU259w==",
      "cpu": [
        "x64"
      ],
      "dev": true,
      "license": "MIT",
      "optional": true,
      "os": [
        "win32"
      ]
    },
    "node_modules/@isaacs/balanced-match": {
      "version": "4.0.1",
      "resolved": "https://registry.npmjs.org/@isaacs/balanced-match/-/balanced-match-4.0.1.tgz",
      "integrity": "sha512-yzMTt9lEb8Gv7zRioUilSglI0c0smZ9k5D65677DLWLtWJaXIS3CqcGyUFByYKlnUj6TkjLVs54fBl6+TiGQDQ==",
      "license": "MIT",
      "engines": {
        "node": "20 || >=22"
      }
    },
    "node_modules/@isaacs/brace-expansion": {
      "version": "5.0.0",
      "resolved": "https://registry.npmjs.org/@isaacs/brace-expansion/-/brace-expansion-5.0.0.tgz",
      "integrity": "sha512-ZT55BDLV0yv0RBm2czMiZ+SqCGO7AvmOM3G/w2xhVPH+te0aKgFjmBvGlL1dH+ql2tgGO3MVrbb3jCKyvpgnxA==",
      "license": "MIT",
      "dependencies": {
        "@isaacs/balanced-match": "^4.0.1"
      },
      "engines": {
        "node": "20 || >=22"
      }
    },
    "node_modules/@ts-morph/common": {
      "version": "0.28.0",
      "resolved": "https://registry.npmjs.org/@ts-morph/common/-/common-0.28.0.tgz",
      "integrity": "sha512-4w6X/oFmvXcwux6y6ExfM/xSqMHw20cYwFJH+BlYrtGa6nwY9qGq8GXnUs1sVYeF2o/KT3S8hAH6sKBI3VOkBg==",
      "license": "MIT",
      "dependencies": {
        "minimatch": "^10.0.1",
        "path-browserify": "^1.0.1",
        "tinyglobby": "^0.2.14"
      }
    },
    "node_modules/@types/node": {
      "version": "24.3.3",
      "resolved": "https://registry.npmjs.org/@types/node/-/node-24.3.3.tgz",
      "integrity": "sha512-GKBNHjoNw3Kra1Qg5UXttsY5kiWMEfoHq2TmXb+b1rcm6N7B3wTrFYIf/oSZ1xNQ+hVVijgLkiDZh7jRRsh+Gw==",
      "dev": true,
      "license": "MIT",
      "dependencies": {
        "undici-types": "~7.10.0"
      }
    },
    "node_modules/code-block-writer": {
      "version": "13.0.3",
      "resolved": "https://registry.npmjs.org/code-block-writer/-/code-block-writer-13.0.3.tgz",
      "integrity": "sha512-Oofo0pq3IKnsFtuHqSF7TqBfr71aeyZDVJ0HpmqB7FBM2qEigL0iPONSCZSO9pE9dZTAxANe5XHG9Uy0YMv8cg==",
      "license": "MIT"
    },
    "node_modules/deno": {
      "version": "2.5.0",
      "resolved": "https://registry.npmjs.org/deno/-/deno-2.5.0.tgz",
      "integrity": "sha512-GMqK9VJzwFhluLPfPP1iM/qbDnug9t5CsMTv4jpowQoWCJbdghi1aL4+2oiXNm0WPI5e/q5QAcoc1PUfhnL6LA==",
      "dev": true,
      "hasInstallScript": true,
      "license": "MIT",
      "bin": {
        "deno": "bin.cjs"
      },
      "optionalDependencies": {
        "@deno/darwin-arm64": "2.5.0",
        "@deno/darwin-x64": "2.5.0",
        "@deno/linux-arm64-glibc": "2.5.0",
        "@deno/linux-x64-glibc": "2.5.0",
        "@deno/win32-arm64": "2.5.0",
        "@deno/win32-x64": "2.5.0"
      }
    },
    "node_modules/fast-check": {
      "version": "3.10.0",
      "resolved": "https://registry.npmjs.org/fast-check/-/fast-check-3.10.0.tgz",
      "integrity": "sha512-I2FldZwnCbcY6iL+H0rp9m4D+O3PotuFu9FasWjMCzUedYHMP89/37JbSt6/n7Yq/IZmJDW0B2h30sPYdzrfzw==",
      "dev": true,
      "funding": [
        {
          "type": "individual",
          "url": "https://github.com/sponsors/dubzzz"
        },
        {
          "type": "opencollective",
          "url": "https://opencollective.com/fast-check"
        }
      ],
      "dependencies": {
        "pure-rand": "^6.0.0"
      },
      "engines": {
        "node": ">=8.0.0"
      }
    },
    "node_modules/fdir": {
      "version": "6.5.0",
      "resolved": "https://registry.npmjs.org/fdir/-/fdir-6.5.0.tgz",
      "integrity": "sha512-tIbYtZbucOs0BRGqPJkshJUYdL+SDH7dVM8gjy+ERp3WAUjLEFJE+02kanyHtwjWOnwrKYBiwAmM0p4kLJAnXg==",
      "license": "MIT",
      "engines": {
        "node": ">=12.0.0"
      },
      "peerDependencies": {
        "picomatch": "^3 || ^4"
      },
      "peerDependenciesMeta": {
        "picomatch": {
          "optional": true
        }
      }
    },
    "node_modules/minimatch": {
      "version": "10.0.3",
      "resolved": "https://registry.npmjs.org/minimatch/-/minimatch-10.0.3.tgz",
      "integrity": "sha512-IPZ167aShDZZUMdRk66cyQAW3qr0WzbHkPdMYa8bzZhlHhO3jALbKdxcaak7W9FfT2rZNpQuUu4Od7ILEpXSaw==",
      "license": "ISC",
      "dependencies": {
        "@isaacs/brace-expansion": "^5.0.0"
      },
      "engines": {
        "node": "20 || >=22"
      },
      "funding": {
        "url": "https://github.com/sponsors/isaacs"
      }
    },
    "node_modules/path-browserify": {
      "version": "1.0.1",
      "resolved": "https://registry.npmjs.org/path-browserify/-/path-browserify-1.0.1.tgz",
      "integrity": "sha512-b7uo2UCUOYZcnF/3ID0lulOJi/bafxa1xPe7ZPsammBSpjSWQkjNxlt635YGS2MiR9GjvuXCtz2emr3jbsz98g==",
      "license": "MIT"
    },
    "node_modules/picomatch": {
      "version": "4.0.3",
      "resolved": "https://registry.npmjs.org/picomatch/-/picomatch-4.0.3.tgz",
      "integrity": "sha512-5gTmgEY/sqK6gFXLIsQNH19lWb4ebPDLA4SdLP7dsWkIXHWlG66oPuVvXSGFPppYZz8ZDZq0dYYrbHfBCVUb1Q==",
      "license": "MIT",
      "engines": {
        "node": ">=12"
      },
      "funding": {
        "url": "https://github.com/sponsors/jonschlinkert"
      }
    },
    "node_modules/pure-rand": {
      "version": "6.0.1",
      "resolved": "https://registry.npmjs.org/pure-rand/-/pure-rand-6.0.1.tgz",
      "integrity": "sha512-t+x1zEHDjBwkDGY5v5ApnZ/utcd4XYDiJsaQQoptTXgUXX95sDg1elCdJghzicm7n2mbCBJ3uYWr6M22SO19rg==",
      "dev": true,
      "funding": [
        {
          "type": "individual",
          "url": "https://github.com/sponsors/dubzzz"
        },
        {
          "type": "opencollective",
          "url": "https://opencollective.com/fast-check"
        }
      ]
    },
    "node_modules/tinyglobby": {
      "version": "0.2.15",
      "resolved": "https://registry.npmjs.org/tinyglobby/-/tinyglobby-0.2.15.tgz",
      "integrity": "sha512-j2Zq4NyQYG5XMST4cbs02Ak8iJUdxRM0XI5QyxXuZOzKOINmWurp3smXu3y5wDcJrptwpSjgXHzIQxR0omXljQ==",
      "license": "MIT",
      "dependencies": {
        "fdir": "^6.5.0",
        "picomatch": "^4.0.3"
      },
      "engines": {
        "node": ">=12.0.0"
      },
      "funding": {
        "url": "https://github.com/sponsors/SuperchupuDev"
      }
    },
    "node_modules/ts-morph": {
      "version": "27.0.0",
      "resolved": "https://registry.npmjs.org/ts-morph/-/ts-morph-27.0.0.tgz",
      "integrity": "sha512-xcqelpTR5PCuZMs54qp9DE3t7tPgA2v/P1/qdW4ke5b3Y5liTGTYj6a/twT35EQW/H5okRqp1UOqwNlgg0K0eQ==",
      "license": "MIT",
      "dependencies": {
        "@ts-morph/common": "~0.28.0",
        "code-block-writer": "^13.0.3"
      }
    },
    "node_modules/undici-types": {
      "version": "7.10.0",
      "resolved": "https://registry.npmjs.org/undici-types/-/undici-types-7.10.0.tgz",
      "integrity": "sha512-t5Fy/nfn+14LuOc2KNYg75vZqClpAiqscVvMygNnlsHBFpSXdJaYtXMcdNLpl/Qvc3P2cB3s6lOV51nqsFq4ag==",
      "dev": true,
      "license": "MIT"
    }
  }
}
